
Microsoft Visual Studio Solution File, Format Version 12.00
# Visual Studio Version 17
VisualStudioVersion = 17.0.32112.339
MinimumVisualStudioVersion = 10.0.40219.1
Project("{FAE04EC0-301F-11D3-BF4B-00C04F79EFBC}") = "Aula2", "Aula2\Aula2.csproj", "{0CBD09C8-ECE7-4EE9-A75C-C04DD02A50EA}"
EndProject
Global
	GlobalSection(SolutionConfigurationPlatforms) = preSolution
		Debug|Any CPU = Debug|Any CPU
		Release|Any CPU = Release|Any CPU
	EndGlobalSection
	GlobalSection(ProjectConfigurationPlatforms) = postSolution
		{0CBD09C8-ECE7-4EE9-A75C-C04DD02A50EA}.Debug|Any CPU.ActiveCfg = Debug|Any CPU
		{0CBD09C8-ECE7-4EE9-A75C-C04DD02A50EA}.Debug|Any CPU.Build.0 = Debug|Any CPU
		{0CBD09C8-ECE7-4EE9-A75C-C04DD02A50EA}.Release|Any CPU.ActiveCfg = Release|Any CPU
		{0CBD09C8-ECE7-4EE9-A75C-C04DD02A50EA}.Release|Any CPU.Build.0 = Release|Any CPU
	EndGlobalSection
	GlobalSection(SolutionProperties) = preSolution
		HideSolutionNode = FALSE
	EndGlobalSection
	GlobalSection(ExtensibilityGlobals) = postSolution
		SolutionGuid = {E6101B15-B681-45FF-9F08-D42B59AAA10A}
	EndGlobalSection
EndGlobal
